
Microsoft Visual Studio Solution File, Format Version 12.00
# Visual Studio Version 16
VisualStudioVersion = 16.0.30406.217
MinimumVisualStudioVersion = 10.0.40219.1
Project("{FAE04EC0-301F-11D3-BF4B-00C04F79EFBC}") = "API", "API\API.csproj", "{46A30A02-B3D6-408E-8191-1EB8531A45D7}"
EndProject
Project("{FAE04EC0-301F-11D3-BF4B-00C04F79EFBC}") = "MVC", "MVC\MVC.csproj", "{55966766-BBE4-4A43-9646-A78A7606680E}"
EndProject
Project("{E53339B2-1760-4266-BCC7-CA923CBCF16C}") = "docker-compose", "docker-compose.dcproj", "{1C34D7B2-2C70-4054-891B-901AFFAE5A0E}"
EndProject
Global
	GlobalSection(SolutionConfigurationPlatforms) = preSolution
		Debug|Any CPU = Debug|Any CPU
		Release|Any CPU = Release|Any CPU
	EndGlobalSection
	GlobalSection(ProjectConfigurationPlatforms) = postSolution
		{46A30A02-B3D6-408E-8191-1EB8531A45D7}.Debug|Any CPU.ActiveCfg = Debug|Any CPU
		{46A30A02-B3D6-408E-8191-1EB8531A45D7}.Debug|Any CPU.Build.0 = Debug|Any CPU
		{46A30A02-B3D6-408E-8191-1EB8531A45D7}.Release|Any CPU.ActiveCfg = Release|Any CPU
		{46A30A02-B3D6-408E-8191-1EB8531A45D7}.Release|Any CPU.Build.0 = Release|Any CPU
		{55966766-BBE4-4A43-9646-A78A7606680E}.Debug|Any CPU.ActiveCfg = Debug|Any CPU
		{55966766-BBE4-4A43-9646-A78A7606680E}.Debug|Any CPU.Build.0 = Debug|Any CPU
		{55966766-BBE4-4A43-9646-A78A7606680E}.Release|Any CPU.ActiveCfg = Release|Any CPU
		{55966766-BBE4-4A43-9646-A78A7606680E}.Release|Any CPU.Build.0 = Release|Any CPU
		{1C34D7B2-2C70-4054-891B-901AFFAE5A0E}.Debug|Any CPU.ActiveCfg = Debug|Any CPU
		{1C34D7B2-2C70-4054-891B-901AFFAE5A0E}.Debug|Any CPU.Build.0 = Debug|Any CPU
		{1C34D7B2-2C70-4054-891B-901AFFAE5A0E}.Release|Any CPU.ActiveCfg = Release|Any CPU
		{1C34D7B2-2C70-4054-891B-901AFFAE5A0E}.Release|Any CPU.Build.0 = Release|Any CPU
	EndGlobalSection
	GlobalSection(SolutionProperties) = preSolution
		HideSolutionNode = FALSE
	EndGlobalSection
	GlobalSection(ExtensibilityGlobals) = postSolution
		SolutionGuid = {22BCBBF8-AA45-4DA4-8BAF-0B75473CDD6B}
	EndGlobalSection
EndGlobal
